
Microsoft Visual Studio Solution File, Format Version 11.00
# Visual Studio 2010
Project("{8BC9CEB8-8B4A-11D0-8D11-00A0C91BC942}") = "NetBox", "NetBox.vcxproj", "{61EA6DDD-19CD-481B-8FA4-D92CEBB516C1}"
	ProjectSection(ProjectDependencies) = postProject
		{EC262402-898F-49D4-8599-850B0C19C1C6} = {EC262402-898F-49D4-8599-850B0C19C1C6}
		{74BFD665-A62B-4745-8A2A-EE1A2A63CD08} = {74BFD665-A62B-4745-8A2A-EE1A2A63CD08}
		{77BA777C-4766-4CA4-AA41-7C089679A948} = {77BA777C-4766-4CA4-AA41-7C089679A948}
		{27250AA6-FED6-F96F-E32B-E8E9719F8FEB} = {27250AA6-FED6-F96F-E32B-E8E9719F8FEB}
		{90DE9ADC-75C4-2AC0-72B1-5F2903110E0A} = {90DE9ADC-75C4-2AC0-72B1-5F2903110E0A}
	EndProjectSection
EndProject
Project("{8BC9CEB8-8B4A-11D0-8D11-00A0C91BC942}") = "zlib", "..\..\libs\zlib\zlib.vcxproj", "{E9F6071A-D2BC-471E-8899-5F49B024AA04}"
EndProject
Project("{8BC9CEB8-8B4A-11D0-8D11-00A0C91BC942}") = "libputty", "..\..\libs\Putty\libputty.vcxproj", "{456AD982-730D-46F8-8BE2-0E00D7433741}"
EndProject
Project("{8BC9CEB8-8B4A-11D0-8D11-00A0C91BC942}") = "libtinyxml2", "..\..\libs\tinyxml2\libtinyxml2.vcxproj", "{593A4FB1-1787-4192-BF73-9C43BF8FC142}"
EndProject
Project("{8BC9CEB8-8B4A-11D0-8D11-00A0C91BC942}") = "libexpat", "..\..\libs\expat\lib\libexpat.vcxproj", "{27250AA6-FED6-F96F-E32B-E8E9719F8FEB}"
EndProject
Project("{8BC9CEB8-8B4A-11D0-8D11-00A0C91BC942}") = "libneon", "..\..\libs\neon\libneon.vcxproj", "{90DE9ADC-75C4-2AC0-72B1-5F2903110E0A}"
	ProjectSection(ProjectDependencies) = postProject
		{27250AA6-FED6-F96F-E32B-E8E9719F8FEB} = {27250AA6-FED6-F96F-E32B-E8E9719F8FEB}
	EndProjectSection
EndProject
Project("{8BC9CEB8-8B4A-11D0-8D11-00A0C91BC942}") = "libapr", "..\..\libs\apr\build\libapr.vcxproj", "{74BFD665-A62B-4745-8A2A-EE1A2A63CD08}"
EndProject
Project("{8BC9CEB8-8B4A-11D0-8D11-00A0C91BC942}") = "mfc", "..\..\libs\atlmfc\mfc.vcxproj", "{EC262402-898F-49D4-8599-850B0C19C1C6}"
EndProject
Project("{8BC9CEB8-8B4A-11D0-8D11-00A0C91BC942}") = "dlmalloc", "..\..\libs\dlmalloc\dlmalloc.vcxproj", "{5423DD5F-C5F6-40A0-BA13-4B0DEB51D38E}"
EndProject
Project("{8BC9CEB8-8B4A-11D0-8D11-00A0C91BC942}") = "rdestl", "..\..\libs\rdestl\rdestl.vcxproj", "{77BA777C-4766-4CA4-AA41-7C089679A948}"
EndProject
Global
	GlobalSection(SolutionConfigurationPlatforms) = preSolution
		Debug|Win32 = Debug|Win32
		Debug|x64 = Debug|x64
		Intel_SSA|Win32 = Intel_SSA|Win32
		Intel_SSA|x64 = Intel_SSA|x64
		Release|Win32 = Release|Win32
		Release|x64 = Release|x64
		Template|Win32 = Template|Win32
		Template|x64 = Template|x64
	EndGlobalSection
	GlobalSection(ProjectConfigurationPlatforms) = postSolution
		{61EA6DDD-19CD-481B-8FA4-D92CEBB516C1}.Debug|Win32.ActiveCfg = Debug|Win32
		{61EA6DDD-19CD-481B-8FA4-D92CEBB516C1}.Debug|Win32.Build.0 = Debug|Win32
		{61EA6DDD-19CD-481B-8FA4-D92CEBB516C1}.Debug|x64.ActiveCfg = Debug|x64
		{61EA6DDD-19CD-481B-8FA4-D92CEBB516C1}.Debug|x64.Build.0 = Debug|x64
		{61EA6DDD-19CD-481B-8FA4-D92CEBB516C1}.Intel_SSA|Win32.ActiveCfg = Intel_SSA|Win32
		{61EA6DDD-19CD-481B-8FA4-D92CEBB516C1}.Intel_SSA|Win32.Build.0 = Intel_SSA|Win32
		{61EA6DDD-19CD-481B-8FA4-D92CEBB516C1}.Intel_SSA|x64.ActiveCfg = Intel_SSA|x64
		{61EA6DDD-19CD-481B-8FA4-D92CEBB516C1}.Intel_SSA|x64.Build.0 = Intel_SSA|x64
		{61EA6DDD-19CD-481B-8FA4-D92CEBB516C1}.Release|Win32.ActiveCfg = Release|Win32
		{61EA6DDD-19CD-481B-8FA4-D92CEBB516C1}.Release|Win32.Build.0 = Release|Win32
		{61EA6DDD-19CD-481B-8FA4-D92CEBB516C1}.Release|x64.ActiveCfg = Release|x64
		{61EA6DDD-19CD-481B-8FA4-D92CEBB516C1}.Release|x64.Build.0 = Release|x64
		{61EA6DDD-19CD-481B-8FA4-D92CEBB516C1}.Template|Win32.ActiveCfg = Release|x64
		{61EA6DDD-19CD-481B-8FA4-D92CEBB516C1}.Template|x64.ActiveCfg = Release|x64
		{61EA6DDD-19CD-481B-8FA4-D92CEBB516C1}.Template|x64.Build.0 = Release|x64
		{E9F6071A-D2BC-471E-8899-5F49B024AA04}.Debug|Win32.ActiveCfg = Debug|Win32
		{E9F6071A-D2BC-471E-8899-5F49B024AA04}.Debug|Win32.Build.0 = Debug|Win32
		{E9F6071A-D2BC-471E-8899-5F49B024AA04}.Debug|x64.ActiveCfg = Debug|x64
		{E9F6071A-D2BC-471E-8899-5F49B024AA04}.Debug|x64.Build.0 = Debug|x64
		{E9F6071A-D2BC-471E-8899-5F49B024AA04}.Intel_SSA|Win32.ActiveCfg = Release|x64
		{E9F6071A-D2BC-471E-8899-5F49B024AA04}.Intel_SSA|x64.ActiveCfg = Release|x64
		{E9F6071A-D2BC-471E-8899-5F49B024AA04}.Intel_SSA|x64.Build.0 = Release|x64
		{E9F6071A-D2BC-471E-8899-5F49B024AA04}.Release|Win32.ActiveCfg = Release|Win32
		{E9F6071A-D2BC-471E-8899-5F49B024AA04}.Release|Win32.Build.0 = Release|Win32
		{E9F6071A-D2BC-471E-8899-5F49B024AA04}.Release|x64.ActiveCfg = Release|x64
		{E9F6071A-D2BC-471E-8899-5F49B024AA04}.Release|x64.Build.0 = Release|x64
		{E9F6071A-D2BC-471E-8899-5F49B024AA04}.Template|Win32.ActiveCfg = Release|x64
		{E9F6071A-D2BC-471E-8899-5F49B024AA04}.Template|x64.ActiveCfg = Release|x64
		{E9F6071A-D2BC-471E-8899-5F49B024AA04}.Template|x64.Build.0 = Release|x64
		{456AD982-730D-46F8-8BE2-0E00D7433741}.Debug|Win32.ActiveCfg = Debug|Win32
		{456AD982-730D-46F8-8BE2-0E00D7433741}.Debug|Win32.Build.0 = Debug|Win32
		{456AD982-730D-46F8-8BE2-0E00D7433741}.Debug|x64.ActiveCfg = Debug|x64
		{456AD982-730D-46F8-8BE2-0E00D7433741}.Debug|x64.Build.0 = Debug|x64
		{456AD982-730D-46F8-8BE2-0E00D7433741}.Intel_SSA|Win32.ActiveCfg = Release|x64
		{456AD982-730D-46F8-8BE2-0E00D7433741}.Intel_SSA|x64.ActiveCfg = Release|x64
		{456AD982-730D-46F8-8BE2-0E00D7433741}.Intel_SSA|x64.Build.0 = Release|x64
		{456AD982-730D-46F8-8BE2-0E00D7433741}.Release|Win32.ActiveCfg = Release|Win32
		{456AD982-730D-46F8-8BE2-0E00D7433741}.Release|Win32.Build.0 = Release|Win32
		{456AD982-730D-46F8-8BE2-0E00D7433741}.Release|x64.ActiveCfg = Release|x64
		{456AD982-730D-46F8-8BE2-0E00D7433741}.Release|x64.Build.0 = Release|x64
		{456AD982-730D-46F8-8BE2-0E00D7433741}.Template|Win32.ActiveCfg = Release|x64
		{456AD982-730D-46F8-8BE2-0E00D7433741}.Template|x64.ActiveCfg = Release|x64
		{456AD982-730D-46F8-8BE2-0E00D7433741}.Template|x64.Build.0 = Release|x64
		{593A4FB1-1787-4192-BF73-9C43BF8FC142}.Debug|Win32.ActiveCfg = Debug|Win32
		{593A4FB1-1787-4192-BF73-9C43BF8FC142}.Debug|Win32.Build.0 = Debug|Win32
		{593A4FB1-1787-4192-BF73-9C43BF8FC142}.Debug|x64.ActiveCfg = Debug|x64
		{593A4FB1-1787-4192-BF73-9C43BF8FC142}.Debug|x64.Build.0 = Debug|x64
		{593A4FB1-1787-4192-BF73-9C43BF8FC142}.Intel_SSA|Win32.ActiveCfg = Release|x64
		{593A4FB1-1787-4192-BF73-9C43BF8FC142}.Intel_SSA|x64.ActiveCfg = Release|x64
		{593A4FB1-1787-4192-BF73-9C43BF8FC142}.Intel_SSA|x64.Build.0 = Release|x64
		{593A4FB1-1787-4192-BF73-9C43BF8FC142}.Release|Win32.ActiveCfg = Release|Win32
		{593A4FB1-1787-4192-BF73-9C43BF8FC142}.Release|Win32.Build.0 = Release|Win32
		{593A4FB1-1787-4192-BF73-9C43BF8FC142}.Release|x64.ActiveCfg = Release|x64
		{593A4FB1-1787-4192-BF73-9C43BF8FC142}.Release|x64.Build.0 = Release|x64
		{593A4FB1-1787-4192-BF73-9C43BF8FC142}.Template|Win32.ActiveCfg = Release|x64
		{593A4FB1-1787-4192-BF73-9C43BF8FC142}.Template|x64.ActiveCfg = Release|x64
		{593A4FB1-1787-4192-BF73-9C43BF8FC142}.Template|x64.Build.0 = Release|x64
		{27250AA6-FED6-F96F-E32B-E8E9719F8FEB}.Debug|Win32.ActiveCfg = Debug|Win32
		{27250AA6-FED6-F96F-E32B-E8E9719F8FEB}.Debug|Win32.Build.0 = Debug|Win32
		{27250AA6-FED6-F96F-E32B-E8E9719F8FEB}.Debug|x64.ActiveCfg = Debug|x64
		{27250AA6-FED6-F96F-E32B-E8E9719F8FEB}.Debug|x64.Build.0 = Debug|x64
		{27250AA6-FED6-F96F-E32B-E8E9719F8FEB}.Intel_SSA|Win32.ActiveCfg = Release|x64
		{27250AA6-FED6-F96F-E32B-E8E9719F8FEB}.Intel_SSA|x64.ActiveCfg = Release|x64
		{27250AA6-FED6-F96F-E32B-E8E9719F8FEB}.Intel_SSA|x64.Build.0 = Release|x64
		{27250AA6-FED6-F96F-E32B-E8E9719F8FEB}.Release|Win32.ActiveCfg = Release|Win32
		{27250AA6-FED6-F96F-E32B-E8E9719F8FEB}.Release|Win32.Build.0 = Release|Win32
		{27250AA6-FED6-F96F-E32B-E8E9719F8FEB}.Release|x64.ActiveCfg = Release|x64
		{27250AA6-FED6-F96F-E32B-E8E9719F8FEB}.Release|x64.Build.0 = Release|x64
		{27250AA6-FED6-F96F-E32B-E8E9719F8FEB}.Template|Win32.ActiveCfg = Template|Win32
		{27250AA6-FED6-F96F-E32B-E8E9719F8FEB}.Template|Win32.Build.0 = Template|Win32
		{27250AA6-FED6-F96F-E32B-E8E9719F8FEB}.Template|x64.ActiveCfg = Template|Win32
		{90DE9ADC-75C4-2AC0-72B1-5F2903110E0A}.Debug|Win32.ActiveCfg = Debug|Win32
		{90DE9ADC-75C4-2AC0-72B1-5F2903110E0A}.Debug|Win32.Build.0 = Debug|Win32
		{90DE9ADC-75C4-2AC0-72B1-5F2903110E0A}.Debug|x64.ActiveCfg = Debug|x64
		{90DE9ADC-75C4-2AC0-72B1-5F2903110E0A}.Debug|x64.Build.0 = Debug|x64
		{90DE9ADC-75C4-2AC0-72B1-5F2903110E0A}.Intel_SSA|Win32.ActiveCfg = Release|x64
		{90DE9ADC-75C4-2AC0-72B1-5F2903110E0A}.Intel_SSA|x64.ActiveCfg = Release|x64
		{90DE9ADC-75C4-2AC0-72B1-5F2903110E0A}.Intel_SSA|x64.Build.0 = Release|x64
		{90DE9ADC-75C4-2AC0-72B1-5F2903110E0A}.Release|Win32.ActiveCfg = Release|Win32
		{90DE9ADC-75C4-2AC0-72B1-5F2903110E0A}.Release|Win32.Build.0 = Release|Win32
		{90DE9ADC-75C4-2AC0-72B1-5F2903110E0A}.Release|x64.ActiveCfg = Release|x64
		{90DE9ADC-75C4-2AC0-72B1-5F2903110E0A}.Release|x64.Build.0 = Release|x64
		{90DE9ADC-75C4-2AC0-72B1-5F2903110E0A}.Template|Win32.ActiveCfg = Template|Win32
		{90DE9ADC-75C4-2AC0-72B1-5F2903110E0A}.Template|Win32.Build.0 = Template|Win32
		{90DE9ADC-75C4-2AC0-72B1-5F2903110E0A}.Template|x64.ActiveCfg = Template|x64
		{90DE9ADC-75C4-2AC0-72B1-5F2903110E0A}.Template|x64.Build.0 = Template|x64
		{74BFD665-A62B-4745-8A2A-EE1A2A63CD08}.Debug|Win32.ActiveCfg = Debug|Win32
		{74BFD665-A62B-4745-8A2A-EE1A2A63CD08}.Debug|Win32.Build.0 = Debug|Win32
		{74BFD665-A62B-4745-8A2A-EE1A2A63CD08}.Debug|x64.ActiveCfg = Debug|x64
		{74BFD665-A62B-4745-8A2A-EE1A2A63CD08}.Debug|x64.Build.0 = Debug|x64
		{74BFD665-A62B-4745-8A2A-EE1A2A63CD08}.Intel_SSA|Win32.ActiveCfg = Release|x64
		{74BFD665-A62B-4745-8A2A-EE1A2A63CD08}.Intel_SSA|x64.ActiveCfg = Release|x64
		{74BFD665-A62B-4745-8A2A-EE1A2A63CD08}.Intel_SSA|x64.Build.0 = Release|x64
		{74BFD665-A62B-4745-8A2A-EE1A2A63CD08}.Release|Win32.ActiveCfg = Release|Win32
		{74BFD665-A62B-4745-8A2A-EE1A2A63CD08}.Release|Win32.Build.0 = Release|Win32
		{74BFD665-A62B-4745-8A2A-EE1A2A63CD08}.Release|x64.ActiveCfg = Release|x64
		{74BFD665-A62B-4745-8A2A-EE1A2A63CD08}.Release|x64.Build.0 = Release|x64
		{74BFD665-A62B-4745-8A2A-EE1A2A63CD08}.Template|Win32.ActiveCfg = Release|Win32
		{74BFD665-A62B-4745-8A2A-EE1A2A63CD08}.Template|x64.ActiveCfg = Release|x64
		{74BFD665-A62B-4745-8A2A-EE1A2A63CD08}.Template|x64.Build.0 = Release|x64
		{EC262402-898F-49D4-8599-850B0C19C1C6}.Debug|Win32.ActiveCfg = Debug|Win32
		{EC262402-898F-49D4-8599-850B0C19C1C6}.Debug|Win32.Build.0 = Debug|Win32
		{EC262402-898F-49D4-8599-850B0C19C1C6}.Debug|x64.ActiveCfg = Debug|x64
		{EC262402-898F-49D4-8599-850B0C19C1C6}.Debug|x64.Build.0 = Debug|x64
		{EC262402-898F-49D4-8599-850B0C19C1C6}.Intel_SSA|Win32.ActiveCfg = Release|x64
		{EC262402-898F-49D4-8599-850B0C19C1C6}.Intel_SSA|x64.ActiveCfg = Release|x64
		{EC262402-898F-49D4-8599-850B0C19C1C6}.Intel_SSA|x64.Build.0 = Release|x64
		{EC262402-898F-49D4-8599-850B0C19C1C6}.Release|Win32.ActiveCfg = Release|Win32
		{EC262402-898F-49D4-8599-850B0C19C1C6}.Release|Win32.Build.0 = Release|Win32
		{EC262402-898F-49D4-8599-850B0C19C1C6}.Release|x64.ActiveCfg = Release|x64
		{EC262402-898F-49D4-8599-850B0C19C1C6}.Release|x64.Build.0 = Release|x64
		{EC262402-898F-49D4-8599-850B0C19C1C6}.Template|Win32.ActiveCfg = Release|x64
		{EC262402-898F-49D4-8599-850B0C19C1C6}.Template|x64.ActiveCfg = Release|x64
		{EC262402-898F-49D4-8599-850B0C19C1C6}.Template|x64.Build.0 = Release|x64
		{5423DD5F-C5F6-40A0-BA13-4B0DEB51D38E}.Debug|Win32.ActiveCfg = Debug|Win32
		{5423DD5F-C5F6-40A0-BA13-4B0DEB51D38E}.Debug|Win32.Build.0 = Debug|Win32
		{5423DD5F-C5F6-40A0-BA13-4B0DEB51D38E}.Debug|x64.ActiveCfg = Debug|x64
		{5423DD5F-C5F6-40A0-BA13-4B0DEB51D38E}.Debug|x64.Build.0 = Debug|x64
		{5423DD5F-C5F6-40A0-BA13-4B0DEB51D38E}.Intel_SSA|Win32.ActiveCfg = Release|x64
		{5423DD5F-C5F6-40A0-BA13-4B0DEB51D38E}.Intel_SSA|x64.ActiveCfg = Release|x64
		{5423DD5F-C5F6-40A0-BA13-4B0DEB51D38E}.Intel_SSA|x64.Build.0 = Release|x64
		{5423DD5F-C5F6-40A0-BA13-4B0DEB51D38E}.Release|Win32.ActiveCfg = Release|Win32
		{5423DD5F-C5F6-40A0-BA13-4B0DEB51D38E}.Release|Win32.Build.0 = Release|Win32
		{5423DD5F-C5F6-40A0-BA13-4B0DEB51D38E}.Release|x64.ActiveCfg = Release|x64
		{5423DD5F-C5F6-40A0-BA13-4B0DEB51D38E}.Release|x64.Build.0 = Release|x64
		{5423DD5F-C5F6-40A0-BA13-4B0DEB51D38E}.Template|Win32.ActiveCfg = Release|x64
		{5423DD5F-C5F6-40A0-BA13-4B0DEB51D38E}.Template|x64.ActiveCfg = Release|x64
		{5423DD5F-C5F6-40A0-BA13-4B0DEB51D38E}.Template|x64.Build.0 = Release|x64
		{77BA777C-4766-4CA4-AA41-7C089679A948}.Debug|Win32.ActiveCfg = Debug|Win32
		{77BA777C-4766-4CA4-AA41-7C089679A948}.Debug|Win32.Build.0 = Debug|Win32
		{77BA777C-4766-4CA4-AA41-7C089679A948}.Debug|x64.ActiveCfg = Debug|x64
		{77BA777C-4766-4CA4-AA41-7C089679A948}.Debug|x64.Build.0 = Debug|x64
		{77BA777C-4766-4CA4-AA41-7C089679A948}.Intel_SSA|Win32.ActiveCfg = Release|x64
		{77BA777C-4766-4CA4-AA41-7C089679A948}.Intel_SSA|x64.ActiveCfg = Release|x64
		{77BA777C-4766-4CA4-AA41-7C089679A948}.Intel_SSA|x64.Build.0 = Release|x64
		{77BA777C-4766-4CA4-AA41-7C089679A948}.Release|Win32.ActiveCfg = Release|Win32
		{77BA777C-4766-4CA4-AA41-7C089679A948}.Release|Win32.Build.0 = Release|Win32
		{77BA777C-4766-4CA4-AA41-7C089679A948}.Release|x64.ActiveCfg = Release|x64
		{77BA777C-4766-4CA4-AA41-7C089679A948}.Release|x64.Build.0 = Release|x64
		{77BA777C-4766-4CA4-AA41-7C089679A948}.Template|Win32.ActiveCfg = Release|x64
		{77BA777C-4766-4CA4-AA41-7C089679A948}.Template|x64.ActiveCfg = Release|x64
		{77BA777C-4766-4CA4-AA41-7C089679A948}.Template|x64.Build.0 = Release|x64
	EndGlobalSection
	GlobalSection(SolutionProperties) = preSolution
		HideSolutionNode = FALSE
	EndGlobalSection
EndGlobal
